// !$*UTF8*$!
{
	archiveVersion = 1;
	classes = {
	};
	objectVersion = 56;
	objects = {

/* Begin PBXBuildFile section */
		1E7B46DC2AD1D81A0012AB85 /* Entity+Enum.swift in Sources */ = {isa = PBXBuildFile; fileRef = 1E7B46DB2AD1D81A0012AB85 /* Entity+Enum.swift */; };
		1E7B46DE2AD1DC060012AB85 /* Game+Protocol.swift in Sources */ = {isa = PBXBuildFile; fileRef = 1E7B46DD2AD1DC060012AB85 /* Game+Protocol.swift */; };
		1E7B46E02AD1E2C70012AB85 /* GameView.swift in Sources */ = {isa = PBXBuildFile; fileRef = 1E7B46DF2AD1E2C70012AB85 /* GameView.swift */; };
		1E7B46E32AD1E32B0012AB85 /* GameModifiable+Protocol.swift in Sources */ = {isa = PBXBuildFile; fileRef = 1E7B46E22AD1E32B0012AB85 /* GameModifiable+Protocol.swift */; };
		1E7B46E52AD1E8600012AB85 /* GameListView.swift in Sources */ = {isa = PBXBuildFile; fileRef = 1E7B46E42AD1E8600012AB85 /* GameListView.swift */; };
		1ED158AF2AD09A83005CB7D3 /* autosavedCompleteApp.swift in Sources */ = {isa = PBXBuildFile; fileRef = 1ED158AE2AD09A83005CB7D3 /* autosavedCompleteApp.swift */; };
		1ED158B12AD09A83005CB7D3 /* ContentView.swift in Sources */ = {isa = PBXBuildFile; fileRef = 1ED158B02AD09A83005CB7D3 /* ContentView.swift */; };
		1ED158B32AD09A85005CB7D3 /* Assets.xcassets in Resources */ = {isa = PBXBuildFile; fileRef = 1ED158B22AD09A85005CB7D3 /* Assets.xcassets */; };
		1ED158B62AD09A85005CB7D3 /* Preview Assets.xcassets in Resources */ = {isa = PBXBuildFile; fileRef = 1ED158B52AD09A85005CB7D3 /* Preview Assets.xcassets */; };
		1ED158B82AD09A85005CB7D3 /* Persistence.swift in Sources */ = {isa = PBXBuildFile; fileRef = 1ED158B72AD09A85005CB7D3 /* Persistence.swift */; };
		1ED158C32AD09B37005CB7D3 /* Context+Extension.swift in Sources */ = {isa = PBXBuildFile; fileRef = 1ED158C22AD09B37005CB7D3 /* Context+Extension.swift */; };
		1ED158C52AD0A3C0005CB7D3 /* String+Extension.swift in Sources */ = {isa = PBXBuildFile; fileRef = 1ED158C42AD0A3C0005CB7D3 /* String+Extension.swift */; };
		1ED158C82AD0B581005CB7D3 /* Primary+Enum.swift in Sources */ = {isa = PBXBuildFile; fileRef = 1ED158C72AD0B581005CB7D3 /* Primary+Enum.swift */; };
		1ED158CB2AD0B59B005CB7D3 /* Identifiable+Protocol.swift in Sources */ = {isa = PBXBuildFile; fileRef = 1ED158CA2AD0B59B005CB7D3 /* Identifiable+Protocol.swift */; };
		1ED158CD2AD0B5A6005CB7D3 /* Iterable+Protocol.swift in Sources */ = {isa = PBXBuildFile; fileRef = 1ED158CC2AD0B5A6005CB7D3 /* Iterable+Protocol.swift */; };
		1ED158CF2AD0B781005CB7D3 /* View+Extension.swift in Sources */ = {isa = PBXBuildFile; fileRef = 1ED158CE2AD0B781005CB7D3 /* View+Extension.swift */; };
		1ED158D22AD0B79B005CB7D3 /* Hide+Modifier.swift in Sources */ = {isa = PBXBuildFile; fileRef = 1ED158D12AD0B79B005CB7D3 /* Hide+Modifier.swift */; };
		1ED158D42AD0B7A6005CB7D3 /* Italicized+Modifier.swift in Sources */ = {isa = PBXBuildFile; fileRef = 1ED158D32AD0B7A6005CB7D3 /* Italicized+Modifier.swift */; };
		1ED158D72AD0B7CF005CB7D3 /* IconView.swift in Sources */ = {isa = PBXBuildFile; fileRef = 1ED158D62AD0B7CF005CB7D3 /* IconView.swift */; };
		1ED158D92AD0B830005CB7D3 /* FormView.swift in Sources */ = {isa = PBXBuildFile; fileRef = 1ED158D82AD0B830005CB7D3 /* FormView.swift */; };
		1ED158DB2AD0B846005CB7D3 /* Date+Extension.swift in Sources */ = {isa = PBXBuildFile; fileRef = 1ED158DA2AD0B846005CB7D3 /* Date+Extension.swift */; };
		1ED158DD2AD0BB89005CB7D3 /* Input+Enum.swift in Sources */ = {isa = PBXBuildFile; fileRef = 1ED158DC2AD0BB89005CB7D3 /* Input+Enum.swift */; };
		1ED158DF2AD0BBBA005CB7D3 /* Mode+Enum.swift in Sources */ = {isa = PBXBuildFile; fileRef = 1ED158DE2AD0BBBA005CB7D3 /* Mode+Enum.swift */; };
		1ED158E12AD0BC07005CB7D3 /* Format+Enum.swift in Sources */ = {isa = PBXBuildFile; fileRef = 1ED158E02AD0BC07005CB7D3 /* Format+Enum.swift */; };
		1ED158E42AD0C068005CB7D3 /* autosavedComplete.xcdatamodeld in Sources */ = {isa = PBXBuildFile; fileRef = 1ED158E22AD0C068005CB7D3 /* autosavedComplete.xcdatamodeld */; };
		1ED158ED2AD0C13B005CB7D3 /* Relation+Class.swift in Sources */ = {isa = PBXBuildFile; fileRef = 1ED158E72AD0C13B005CB7D3 /* Relation+Class.swift */; };
		1ED158EF2AD0C13B005CB7D3 /* Game+Class.swift in Sources */ = {isa = PBXBuildFile; fileRef = 1ED158E92AD0C13B005CB7D3 /* Game+Class.swift */; };
		1ED158F12AD0C13B005CB7D3 /* Property+Class.swift in Sources */ = {isa = PBXBuildFile; fileRef = 1ED158EB2AD0C13B005CB7D3 /* Property+Class.swift */; };
		1ED158F42AD0C44B005CB7D3 /* Format+Protocol.swift in Sources */ = {isa = PBXBuildFile; fileRef = 1ED158F32AD0C44B005CB7D3 /* Format+Protocol.swift */; };
		1ED158F62AD0C45C005CB7D3 /* Form+Enum.swift in Sources */ = {isa = PBXBuildFile; fileRef = 1ED158F52AD0C45C005CB7D3 /* Form+Enum.swift */; };
		1ED158F82AD0C465005CB7D3 /* Digital+Enum.swift in Sources */ = {isa = PBXBuildFile; fileRef = 1ED158F72AD0C465005CB7D3 /* Digital+Enum.swift */; };
		1ED158FA2AD0C46B005CB7D3 /* Physical+Enum.swift in Sources */ = {isa = PBXBuildFile; fileRef = 1ED158F92AD0C46B005CB7D3 /* Physical+Enum.swift */; };
		1ED158FD2AD0C5F6005CB7D3 /* Property+Protocol.swift in Sources */ = {isa = PBXBuildFile; fileRef = 1ED158FC2AD0C5F6005CB7D3 /* Property+Protocol.swift */; };
		1ED159002AD0C897005CB7D3 /* Platform+Enum.swift in Sources */ = {isa = PBXBuildFile; fileRef = 1ED158FF2AD0C897005CB7D3 /* Platform+Enum.swift */; };
		1ED159022AD0C89D005CB7D3 /* Family+Enum.swift in Sources */ = {isa = PBXBuildFile; fileRef = 1ED159012AD0C89D005CB7D3 /* Family+Enum.swift */; };
		1ED159042AD0C8A5005CB7D3 /* Nintendo+Enum.swift in Sources */ = {isa = PBXBuildFile; fileRef = 1ED159032AD0C8A5005CB7D3 /* Nintendo+Enum.swift */; };
		1ED159062AD0C8AB005CB7D3 /* PC+Enum.swift in Sources */ = {isa = PBXBuildFile; fileRef = 1ED159052AD0C8AB005CB7D3 /* PC+Enum.swift */; };
		1ED159082AD0C8B5005CB7D3 /* PlayStation+Enum.swift in Sources */ = {isa = PBXBuildFile; fileRef = 1ED159072AD0C8B5005CB7D3 /* PlayStation+Enum.swift */; };
		1ED1590A2AD0C8BD005CB7D3 /* Xbox+Enum.swift in Sources */ = {isa = PBXBuildFile; fileRef = 1ED159092AD0C8BD005CB7D3 /* Xbox+Enum.swift */; };
		62F265ED2AD0F99900D0C74B /* Platform+Protocol.swift in Sources */ = {isa = PBXBuildFile; fileRef = 62F265EC2AD0F99900D0C74B /* Platform+Protocol.swift */; };
		62F265F02AD104A100D0C74B /* Input+Builder.swift in Sources */ = {isa = PBXBuildFile; fileRef = 62F265EF2AD104A100D0C74B /* Input+Builder.swift */; };
		62F265F22AD104A900D0C74B /* Format+Builder.swift in Sources */ = {isa = PBXBuildFile; fileRef = 62F265F12AD104A900D0C74B /* Format+Builder.swift */; };
		62F265F42AD104B200D0C74B /* Platform+Builder.swift in Sources */ = {isa = PBXBuildFile; fileRef = 62F265F32AD104B200D0C74B /* Platform+Builder.swift */; };
		62F265F62AD104B900D0C74B /* Mode+Builder.swift in Sources */ = {isa = PBXBuildFile; fileRef = 62F265F52AD104B900D0C74B /* Mode+Builder.swift */; };
		62F265F82AD104CC00D0C74B /* Builder+Protocol.swift in Sources */ = {isa = PBXBuildFile; fileRef = 62F265F72AD104CC00D0C74B /* Builder+Protocol.swift */; };
		62F265FA2AD1071700D0C74B /* UUID+Extension.swift in Sources */ = {isa = PBXBuildFile; fileRef = 62F265F92AD1071700D0C74B /* UUID+Extension.swift */; };
		62F265FC2AD10C2600D0C74B /* Predicate+Extension.swift in Sources */ = {isa = PBXBuildFile; fileRef = 62F265FB2AD10C2600D0C74B /* Predicate+Extension.swift */; };
		62F265FE2AD1135D00D0C74B /* TestPropertyView.swift in Sources */ = {isa = PBXBuildFile; fileRef = 62F265FD2AD1135D00D0C74B /* TestPropertyView.swift */; };
		62F266002AD11E2F00D0C74B /* Game+Builder.swift in Sources */ = {isa = PBXBuildFile; fileRef = 62F265FF2AD11E2F00D0C74B /* Game+Builder.swift */; };
		62F266022AD12C2200D0C74B /* Property+Enum.swift in Sources */ = {isa = PBXBuildFile; fileRef = 62F266012AD12C2200D0C74B /* Property+Enum.swift */; };
/* End PBXBuildFile section */

/* Begin PBXFileReference section */
		1E7B46DB2AD1D81A0012AB85 /* Entity+Enum.swift */ = {isa = PBXFileReference; lastKnownFileType = sourcecode.swift; path = "Entity+Enum.swift"; sourceTree = "<group>"; };
		1E7B46DD2AD1DC060012AB85 /* Game+Protocol.swift */ = {isa = PBXFileReference; lastKnownFileType = sourcecode.swift; path = "Game+Protocol.swift"; sourceTree = "<group>"; };
		1E7B46DF2AD1E2C70012AB85 /* GameView.swift */ = {isa = PBXFileReference; lastKnownFileType = sourcecode.swift; path = GameView.swift; sourceTree = "<group>"; };
		1E7B46E22AD1E32B0012AB85 /* GameModifiable+Protocol.swift */ = {isa = PBXFileReference; lastKnownFileType = sourcecode.swift; path = "GameModifiable+Protocol.swift"; sourceTree = "<group>"; };
		1E7B46E42AD1E8600012AB85 /* GameListView.swift */ = {isa = PBXFileReference; lastKnownFileType = sourcecode.swift; path = GameListView.swift; sourceTree = "<group>"; };
		1ED158AB2AD09A83005CB7D3 /* autosavedComplete.app */ = {isa = PBXFileReference; explicitFileType = wrapper.application; includeInIndex = 0; path = autosavedComplete.app; sourceTree = BUILT_PRODUCTS_DIR; };
		1ED158AE2AD09A83005CB7D3 /* autosavedCompleteApp.swift */ = {isa = PBXFileReference; lastKnownFileType = sourcecode.swift; path = autosavedCompleteApp.swift; sourceTree = "<group>"; };
		1ED158B02AD09A83005CB7D3 /* ContentView.swift */ = {isa = PBXFileReference; lastKnownFileType = sourcecode.swift; path = ContentView.swift; sourceTree = "<group>"; };
		1ED158B22AD09A85005CB7D3 /* Assets.xcassets */ = {isa = PBXFileReference; lastKnownFileType = folder.assetcatalog; path = Assets.xcassets; sourceTree = "<group>"; };
		1ED158B52AD09A85005CB7D3 /* Preview Assets.xcassets */ = {isa = PBXFileReference; lastKnownFileType = folder.assetcatalog; path = "Preview Assets.xcassets"; sourceTree = "<group>"; };
		1ED158B72AD09A85005CB7D3 /* Persistence.swift */ = {isa = PBXFileReference; lastKnownFileType = sourcecode.swift; path = Persistence.swift; sourceTree = "<group>"; };
		1ED158C22AD09B37005CB7D3 /* Context+Extension.swift */ = {isa = PBXFileReference; lastKnownFileType = sourcecode.swift; path = "Context+Extension.swift"; sourceTree = "<group>"; };
		1ED158C42AD0A3C0005CB7D3 /* String+Extension.swift */ = {isa = PBXFileReference; lastKnownFileType = sourcecode.swift; path = "String+Extension.swift"; sourceTree = "<group>"; };
		1ED158C72AD0B581005CB7D3 /* Primary+Enum.swift */ = {isa = PBXFileReference; lastKnownFileType = sourcecode.swift; path = "Primary+Enum.swift"; sourceTree = "<group>"; };
		1ED158CA2AD0B59B005CB7D3 /* Identifiable+Protocol.swift */ = {isa = PBXFileReference; lastKnownFileType = sourcecode.swift; path = "Identifiable+Protocol.swift"; sourceTree = "<group>"; };
		1ED158CC2AD0B5A6005CB7D3 /* Iterable+Protocol.swift */ = {isa = PBXFileReference; lastKnownFileType = sourcecode.swift; path = "Iterable+Protocol.swift"; sourceTree = "<group>"; };
		1ED158CE2AD0B781005CB7D3 /* View+Extension.swift */ = {isa = PBXFileReference; lastKnownFileType = sourcecode.swift; path = "View+Extension.swift"; sourceTree = "<group>"; };
		1ED158D12AD0B79B005CB7D3 /* Hide+Modifier.swift */ = {isa = PBXFileReference; lastKnownFileType = sourcecode.swift; path = "Hide+Modifier.swift"; sourceTree = "<group>"; };
		1ED158D32AD0B7A6005CB7D3 /* Italicized+Modifier.swift */ = {isa = PBXFileReference; lastKnownFileType = sourcecode.swift; path = "Italicized+Modifier.swift"; sourceTree = "<group>"; };
		1ED158D62AD0B7CF005CB7D3 /* IconView.swift */ = {isa = PBXFileReference; lastKnownFileType = sourcecode.swift; path = IconView.swift; sourceTree = "<group>"; };
		1ED158D82AD0B830005CB7D3 /* FormView.swift */ = {isa = PBXFileReference; lastKnownFileType = sourcecode.swift; path = FormView.swift; sourceTree = "<group>"; };
		1ED158DA2AD0B846005CB7D3 /* Date+Extension.swift */ = {isa = PBXFileReference; lastKnownFileType = sourcecode.swift; path = "Date+Extension.swift"; sourceTree = "<group>"; };
		1ED158DC2AD0BB89005CB7D3 /* Input+Enum.swift */ = {isa = PBXFileReference; lastKnownFileType = sourcecode.swift; path = "Input+Enum.swift"; sourceTree = "<group>"; };
		1ED158DE2AD0BBBA005CB7D3 /* Mode+Enum.swift */ = {isa = PBXFileReference; lastKnownFileType = sourcecode.swift; path = "Mode+Enum.swift"; sourceTree = "<group>"; };
		1ED158E02AD0BC07005CB7D3 /* Format+Enum.swift */ = {isa = PBXFileReference; lastKnownFileType = sourcecode.swift; path = "Format+Enum.swift"; sourceTree = "<group>"; };
		1ED158E32AD0C068005CB7D3 /* autosavedComplete.xcdatamodel */ = {isa = PBXFileReference; lastKnownFileType = wrapper.xcdatamodel; path = autosavedComplete.xcdatamodel; sourceTree = "<group>"; };
		1ED158E72AD0C13B005CB7D3 /* Relation+Class.swift */ = {isa = PBXFileReference; lastKnownFileType = sourcecode.swift; path = "Relation+Class.swift"; sourceTree = "<group>"; };
		1ED158E92AD0C13B005CB7D3 /* Game+Class.swift */ = {isa = PBXFileReference; lastKnownFileType = sourcecode.swift; path = "Game+Class.swift"; sourceTree = "<group>"; };
		1ED158EB2AD0C13B005CB7D3 /* Property+Class.swift */ = {isa = PBXFileReference; lastKnownFileType = sourcecode.swift; path = "Property+Class.swift"; sourceTree = "<group>"; };
		1ED158F32AD0C44B005CB7D3 /* Format+Protocol.swift */ = {isa = PBXFileReference; lastKnownFileType = sourcecode.swift; path = "Format+Protocol.swift"; sourceTree = "<group>"; };
		1ED158F52AD0C45C005CB7D3 /* Form+Enum.swift */ = {isa = PBXFileReference; lastKnownFileType = sourcecode.swift; path = "Form+Enum.swift"; sourceTree = "<group>"; };
		1ED158F72AD0C465005CB7D3 /* Digital+Enum.swift */ = {isa = PBXFileReference; lastKnownFileType = sourcecode.swift; path = "Digital+Enum.swift"; sourceTree = "<group>"; };
		1ED158F92AD0C46B005CB7D3 /* Physical+Enum.swift */ = {isa = PBXFileReference; lastKnownFileType = sourcecode.swift; path = "Physical+Enum.swift"; sourceTree = "<group>"; };
		1ED158FC2AD0C5F6005CB7D3 /* Property+Protocol.swift */ = {isa = PBXFileReference; lastKnownFileType = sourcecode.swift; path = "Property+Protocol.swift"; sourceTree = "<group>"; };
		1ED158FF2AD0C897005CB7D3 /* Platform+Enum.swift */ = {isa = PBXFileReference; lastKnownFileType = sourcecode.swift; path = "Platform+Enum.swift"; sourceTree = "<group>"; };
		1ED159012AD0C89D005CB7D3 /* Family+Enum.swift */ = {isa = PBXFileReference; lastKnownFileType = sourcecode.swift; path = "Family+Enum.swift"; sourceTree = "<group>"; };
		1ED159032AD0C8A5005CB7D3 /* Nintendo+Enum.swift */ = {isa = PBXFileReference; lastKnownFileType = sourcecode.swift; path = "Nintendo+Enum.swift"; sourceTree = "<group>"; };
		1ED159052AD0C8AB005CB7D3 /* PC+Enum.swift */ = {isa = PBXFileReference; lastKnownFileType = sourcecode.swift; path = "PC+Enum.swift"; sourceTree = "<group>"; };
		1ED159072AD0C8B5005CB7D3 /* PlayStation+Enum.swift */ = {isa = PBXFileReference; lastKnownFileType = sourcecode.swift; path = "PlayStation+Enum.swift"; sourceTree = "<group>"; };
		1ED159092AD0C8BD005CB7D3 /* Xbox+Enum.swift */ = {isa = PBXFileReference; lastKnownFileType = sourcecode.swift; path = "Xbox+Enum.swift"; sourceTree = "<group>"; };
		62F265EC2AD0F99900D0C74B /* Platform+Protocol.swift */ = {isa = PBXFileReference; lastKnownFileType = sourcecode.swift; path = "Platform+Protocol.swift"; sourceTree = "<group>"; };
		62F265EF2AD104A100D0C74B /* Input+Builder.swift */ = {isa = PBXFileReference; lastKnownFileType = sourcecode.swift; path = "Input+Builder.swift"; sourceTree = "<group>"; };
		62F265F12AD104A900D0C74B /* Format+Builder.swift */ = {isa = PBXFileReference; lastKnownFileType = sourcecode.swift; path = "Format+Builder.swift"; sourceTree = "<group>"; };
		62F265F32AD104B200D0C74B /* Platform+Builder.swift */ = {isa = PBXFileReference; lastKnownFileType = sourcecode.swift; path = "Platform+Builder.swift"; sourceTree = "<group>"; };
		62F265F52AD104B900D0C74B /* Mode+Builder.swift */ = {isa = PBXFileReference; lastKnownFileType = sourcecode.swift; path = "Mode+Builder.swift"; sourceTree = "<group>"; };
		62F265F72AD104CC00D0C74B /* Builder+Protocol.swift */ = {isa = PBXFileReference; lastKnownFileType = sourcecode.swift; path = "Builder+Protocol.swift"; sourceTree = "<group>"; };
		62F265F92AD1071700D0C74B /* UUID+Extension.swift */ = {isa = PBXFileReference; lastKnownFileType = sourcecode.swift; path = "UUID+Extension.swift"; sourceTree = "<group>"; };
		62F265FB2AD10C2600D0C74B /* Predicate+Extension.swift */ = {isa = PBXFileReference; lastKnownFileType = sourcecode.swift; path = "Predicate+Extension.swift"; sourceTree = "<group>"; };
		62F265FD2AD1135D00D0C74B /* TestPropertyView.swift */ = {isa = PBXFileReference; lastKnownFileType = sourcecode.swift; path = TestPropertyView.swift; sourceTree = "<group>"; };
		62F265FF2AD11E2F00D0C74B /* Game+Builder.swift */ = {isa = PBXFileReference; lastKnownFileType = sourcecode.swift; path = "Game+Builder.swift"; sourceTree = "<group>"; };
		62F266012AD12C2200D0C74B /* Property+Enum.swift */ = {isa = PBXFileReference; lastKnownFileType = sourcecode.swift; path = "Property+Enum.swift"; sourceTree = "<group>"; };
/* End PBXFileReference section */

/* Begin PBXFrameworksBuildPhase section */
		1ED158A82AD09A83005CB7D3 /* Frameworks */ = {
			isa = PBXFrameworksBuildPhase;
			buildActionMask = 2147483647;
			files = (
			);
			runOnlyForDeploymentPostprocessing = 0;
		};
/* End PBXFrameworksBuildPhase section */

/* Begin PBXGroup section */
		1E7B46E12AD1E30F0012AB85 /* Views */ = {
			isa = PBXGroup;
			children = (
				1E7B46E22AD1E32B0012AB85 /* GameModifiable+Protocol.swift */,
			);
			path = Views;
			sourceTree = "<group>";
		};
		1ED158A22AD09A83005CB7D3 = {
			isa = PBXGroup;
			children = (
				1ED158AD2AD09A83005CB7D3 /* autosavedComplete */,
				1ED158AC2AD09A83005CB7D3 /* Products */,
			);
			sourceTree = "<group>";
		};
		1ED158AC2AD09A83005CB7D3 /* Products */ = {
			isa = PBXGroup;
			children = (
				1ED158AB2AD09A83005CB7D3 /* autosavedComplete.app */,
			);
			name = Products;
			sourceTree = "<group>";
		};
		1ED158AD2AD09A83005CB7D3 /* autosavedComplete */ = {
			isa = PBXGroup;
			children = (
				1ED158F22AD0C23A005CB7D3 /* Classes */,
				1ED158AE2AD09A83005CB7D3 /* autosavedCompleteApp.swift */,
				1ED158E52AD0C07F005CB7D3 /* CoreData */,
				1ED158C62AD0B570005CB7D3 /* Enums */,
				1ED158C12AD09B2E005CB7D3 /* Extensions */,
				1ED158D02AD0B791005CB7D3 /* Modifiers */,
				1ED158C92AD0B58F005CB7D3 /* Protocols */,
				1ED158D52AD0B7C7005CB7D3 /* Views */,
				1ED158B22AD09A85005CB7D3 /* Assets.xcassets */,
				1ED158B42AD09A85005CB7D3 /* Preview Content */,
			);
			path = autosavedComplete;
			sourceTree = "<group>";
		};
		1ED158B42AD09A85005CB7D3 /* Preview Content */ = {
			isa = PBXGroup;
			children = (
				1ED158B52AD09A85005CB7D3 /* Preview Assets.xcassets */,
			);
			path = "Preview Content";
			sourceTree = "<group>";
		};
		1ED158C12AD09B2E005CB7D3 /* Extensions */ = {
			isa = PBXGroup;
			children = (
				1ED158C22AD09B37005CB7D3 /* Context+Extension.swift */,
				1ED158C42AD0A3C0005CB7D3 /* String+Extension.swift */,
				1ED158CE2AD0B781005CB7D3 /* View+Extension.swift */,
				1ED158DA2AD0B846005CB7D3 /* Date+Extension.swift */,
				62F265F92AD1071700D0C74B /* UUID+Extension.swift */,
				62F265FB2AD10C2600D0C74B /* Predicate+Extension.swift */,
			);
			path = Extensions;
			sourceTree = "<group>";
		};
		1ED158C62AD0B570005CB7D3 /* Enums */ = {
			isa = PBXGroup;
			children = (
				1ED158FE2AD0C88E005CB7D3 /* Platforms */,
				1ED158FB2AD0C470005CB7D3 /* Formats */,
				1ED158C72AD0B581005CB7D3 /* Primary+Enum.swift */,
				1ED158DC2AD0BB89005CB7D3 /* Input+Enum.swift */,
				1ED158DE2AD0BBBA005CB7D3 /* Mode+Enum.swift */,
				62F266012AD12C2200D0C74B /* Property+Enum.swift */,
				1E7B46DB2AD1D81A0012AB85 /* Entity+Enum.swift */,
			);
			path = Enums;
			sourceTree = "<group>";
		};
		1ED158C92AD0B58F005CB7D3 /* Protocols */ = {
			isa = PBXGroup;
			children = (
				1E7B46E12AD1E30F0012AB85 /* Views */,
				1ED158CA2AD0B59B005CB7D3 /* Identifiable+Protocol.swift */,
				1ED158CC2AD0B5A6005CB7D3 /* Iterable+Protocol.swift */,
				1ED158F32AD0C44B005CB7D3 /* Format+Protocol.swift */,
				1ED158FC2AD0C5F6005CB7D3 /* Property+Protocol.swift */,
				62F265EC2AD0F99900D0C74B /* Platform+Protocol.swift */,
				62F265F72AD104CC00D0C74B /* Builder+Protocol.swift */,
				1E7B46DD2AD1DC060012AB85 /* Game+Protocol.swift */,
			);
			path = Protocols;
			sourceTree = "<group>";
		};
		1ED158D02AD0B791005CB7D3 /* Modifiers */ = {
			isa = PBXGroup;
			children = (
				1ED158D12AD0B79B005CB7D3 /* Hide+Modifier.swift */,
				1ED158D32AD0B7A6005CB7D3 /* Italicized+Modifier.swift */,
			);
			path = Modifiers;
			sourceTree = "<group>";
		};
		1ED158D52AD0B7C7005CB7D3 /* Views */ = {
			isa = PBXGroup;
			children = (
				1ED158B02AD09A83005CB7D3 /* ContentView.swift */,
				1ED158D62AD0B7CF005CB7D3 /* IconView.swift */,
				1ED158D82AD0B830005CB7D3 /* FormView.swift */,
				62F265FD2AD1135D00D0C74B /* TestPropertyView.swift */,
				1E7B46DF2AD1E2C70012AB85 /* GameView.swift */,
				1E7B46E42AD1E8600012AB85 /* GameListView.swift */,
			);
			path = Views;
			sourceTree = "<group>";
		};
		1ED158E52AD0C07F005CB7D3 /* CoreData */ = {
			isa = PBXGroup;
			children = (
				1ED158B72AD09A85005CB7D3 /* Persistence.swift */,
				1ED158E22AD0C068005CB7D3 /* autosavedComplete.xcdatamodeld */,
			);
			path = CoreData;
			sourceTree = "<group>";
		};
		1ED158F22AD0C23A005CB7D3 /* Classes */ = {
			isa = PBXGroup;
			children = (
				62F265EE2AD1049600D0C74B /* Builders */,
				1ED158E92AD0C13B005CB7D3 /* Game+Class.swift */,
				1ED158EB2AD0C13B005CB7D3 /* Property+Class.swift */,
				1ED158E72AD0C13B005CB7D3 /* Relation+Class.swift */,
			);
			path = Classes;
			sourceTree = "<group>";
		};
		1ED158FB2AD0C470005CB7D3 /* Formats */ = {
			isa = PBXGroup;
			children = (
				1ED158E02AD0BC07005CB7D3 /* Format+Enum.swift */,
				1ED158F52AD0C45C005CB7D3 /* Form+Enum.swift */,
				1ED158F72AD0C465005CB7D3 /* Digital+Enum.swift */,
				1ED158F92AD0C46B005CB7D3 /* Physical+Enum.swift */,
			);
			path = Formats;
			sourceTree = "<group>";
		};
		1ED158FE2AD0C88E005CB7D3 /* Platforms */ = {
			isa = PBXGroup;
			children = (
				1ED158FF2AD0C897005CB7D3 /* Platform+Enum.swift */,
				1ED159012AD0C89D005CB7D3 /* Family+Enum.swift */,
				1ED159032AD0C8A5005CB7D3 /* Nintendo+Enum.swift */,
				1ED159052AD0C8AB005CB7D3 /* PC+Enum.swift */,
				1ED159072AD0C8B5005CB7D3 /* PlayStation+Enum.swift */,
				1ED159092AD0C8BD005CB7D3 /* Xbox+Enum.swift */,
			);
			path = Platforms;
			sourceTree = "<group>";
		};
		62F265EE2AD1049600D0C74B /* Builders */ = {
			isa = PBXGroup;
			children = (
				62F265EF2AD104A100D0C74B /* Input+Builder.swift */,
				62F265F12AD104A900D0C74B /* Format+Builder.swift */,
				62F265F32AD104B200D0C74B /* Platform+Builder.swift */,
				62F265F52AD104B900D0C74B /* Mode+Builder.swift */,
				62F265FF2AD11E2F00D0C74B /* Game+Builder.swift */,
			);
			path = Builders;
			sourceTree = "<group>";
		};
/* End PBXGroup section */

/* Begin PBXNativeTarget section */
		1ED158AA2AD09A83005CB7D3 /* autosavedComplete */ = {
			isa = PBXNativeTarget;
			buildConfigurationList = 1ED158BE2AD09A85005CB7D3 /* Build configuration list for PBXNativeTarget "autosavedComplete" */;
			buildPhases = (
				1ED158A72AD09A83005CB7D3 /* Sources */,
				1ED158A82AD09A83005CB7D3 /* Frameworks */,
				1ED158A92AD09A83005CB7D3 /* Resources */,
			);
			buildRules = (
			);
			dependencies = (
			);
			name = autosavedComplete;
			productName = autosavedComplete;
			productReference = 1ED158AB2AD09A83005CB7D3 /* autosavedComplete.app */;
			productType = "com.apple.product-type.application";
		};
/* End PBXNativeTarget section */

/* Begin PBXProject section */
		1ED158A32AD09A83005CB7D3 /* Project object */ = {
			isa = PBXProject;
			attributes = {
				BuildIndependentTargetsInParallel = 1;
				LastSwiftUpdateCheck = 1430;
				LastUpgradeCheck = 1500;
				TargetAttributes = {
					1ED158AA2AD09A83005CB7D3 = {
						CreatedOnToolsVersion = 14.3.1;
					};
				};
			};
			buildConfigurationList = 1ED158A62AD09A83005CB7D3 /* Build configuration list for PBXProject "autosavedComplete" */;
			compatibilityVersion = "Xcode 14.0";
			developmentRegion = en;
			hasScannedForEncodings = 0;
			knownRegions = (
				en,
				Base,
			);
			mainGroup = 1ED158A22AD09A83005CB7D3;
			productRefGroup = 1ED158AC2AD09A83005CB7D3 /* Products */;
			projectDirPath = "";
			projectRoot = "";
			targets = (
				1ED158AA2AD09A83005CB7D3 /* autosavedComplete */,
			);
		};
/* End PBXProject section */

/* Begin PBXResourcesBuildPhase section */
		1ED158A92AD09A83005CB7D3 /* Resources */ = {
			isa = PBXResourcesBuildPhase;
			buildActionMask = 2147483647;
			files = (
				1ED158B62AD09A85005CB7D3 /* Preview Assets.xcassets in Resources */,
				1ED158B32AD09A85005CB7D3 /* Assets.xcassets in Resources */,
			);
			runOnlyForDeploymentPostprocessing = 0;
		};
/* End PBXResourcesBuildPhase section */

/* Begin PBXSourcesBuildPhase section */
		1ED158A72AD09A83005CB7D3 /* Sources */ = {
			isa = PBXSourcesBuildPhase;
			buildActionMask = 2147483647;
			files = (
				1ED158D42AD0B7A6005CB7D3 /* Italicized+Modifier.swift in Sources */,
				62F266002AD11E2F00D0C74B /* Game+Builder.swift in Sources */,
				1ED158C82AD0B581005CB7D3 /* Primary+Enum.swift in Sources */,
				62F265ED2AD0F99900D0C74B /* Platform+Protocol.swift in Sources */,
				1ED158D92AD0B830005CB7D3 /* FormView.swift in Sources */,
				62F265F42AD104B200D0C74B /* Platform+Builder.swift in Sources */,
				62F265FA2AD1071700D0C74B /* UUID+Extension.swift in Sources */,
				1ED158F82AD0C465005CB7D3 /* Digital+Enum.swift in Sources */,
				1ED158B82AD09A85005CB7D3 /* Persistence.swift in Sources */,
				1ED158D72AD0B7CF005CB7D3 /* IconView.swift in Sources */,
				1ED159022AD0C89D005CB7D3 /* Family+Enum.swift in Sources */,
				62F265F02AD104A100D0C74B /* Input+Builder.swift in Sources */,
				1E7B46E02AD1E2C70012AB85 /* GameView.swift in Sources */,
				1ED159082AD0C8B5005CB7D3 /* PlayStation+Enum.swift in Sources */,
				1E7B46E52AD1E8600012AB85 /* GameListView.swift in Sources */,
				1E7B46DC2AD1D81A0012AB85 /* Entity+Enum.swift in Sources */,
				1ED158EF2AD0C13B005CB7D3 /* Game+Class.swift in Sources */,
				62F266022AD12C2200D0C74B /* Property+Enum.swift in Sources */,
				1ED158DB2AD0B846005CB7D3 /* Date+Extension.swift in Sources */,
				1ED159042AD0C8A5005CB7D3 /* Nintendo+Enum.swift in Sources */,
				1ED1590A2AD0C8BD005CB7D3 /* Xbox+Enum.swift in Sources */,
				1ED158CF2AD0B781005CB7D3 /* View+Extension.swift in Sources */,
				1ED158D22AD0B79B005CB7D3 /* Hide+Modifier.swift in Sources */,
				1ED158C32AD09B37005CB7D3 /* Context+Extension.swift in Sources */,
				1ED159062AD0C8AB005CB7D3 /* PC+Enum.swift in Sources */,
				62F265F62AD104B900D0C74B /* Mode+Builder.swift in Sources */,
				1ED158E42AD0C068005CB7D3 /* autosavedComplete.xcdatamodeld in Sources */,
				1ED158ED2AD0C13B005CB7D3 /* Relation+Class.swift in Sources */,
				1ED158E12AD0BC07005CB7D3 /* Format+Enum.swift in Sources */,
				1ED158CB2AD0B59B005CB7D3 /* Identifiable+Protocol.swift in Sources */,
				1ED158DF2AD0BBBA005CB7D3 /* Mode+Enum.swift in Sources */,
				62F265F22AD104A900D0C74B /* Format+Builder.swift in Sources */,
				1ED158B12AD09A83005CB7D3 /* ContentView.swift in Sources */,
				1ED158DD2AD0BB89005CB7D3 /* Input+Enum.swift in Sources */,
				1ED158FA2AD0C46B005CB7D3 /* Physical+Enum.swift in Sources */,
				1ED158AF2AD09A83005CB7D3 /* autosavedCompleteApp.swift in Sources */,
				1ED158F42AD0C44B005CB7D3 /* Format+Protocol.swift in Sources */,
				1ED158F62AD0C45C005CB7D3 /* Form+Enum.swift in Sources */,
				1ED158C52AD0A3C0005CB7D3 /* String+Extension.swift in Sources */,
				1ED158FD2AD0C5F6005CB7D3 /* Property+Protocol.swift in Sources */,
				1ED158F12AD0C13B005CB7D3 /* Property+Class.swift in Sources */,
				62F265F82AD104CC00D0C74B /* Builder+Protocol.swift in Sources */,
				62F265FC2AD10C2600D0C74B /* Predicate+Extension.swift in Sources */,
				1E7B46DE2AD1DC060012AB85 /* Game+Protocol.swift in Sources */,
				1ED159002AD0C897005CB7D3 /* Platform+Enum.swift in Sources */,
				1E7B46E32AD1E32B0012AB85 /* GameModifiable+Protocol.swift in Sources */,
				1ED158CD2AD0B5A6005CB7D3 /* Iterable+Protocol.swift in Sources */,
				62F265FE2AD1135D00D0C74B /* TestPropertyView.swift in Sources */,
			);
			runOnlyForDeploymentPostprocessing = 0;
		};
/* End PBXSourcesBuildPhase section */

/* Begin XCBuildConfiguration section */
		1ED158BC2AD09A85005CB7D3 /* Debug */ = {
			isa = XCBuildConfiguration;
			buildSettings = {
				ALWAYS_SEARCH_USER_PATHS = NO;
				CLANG_ANALYZER_NONNULL = YES;
				CLANG_ANALYZER_NUMBER_OBJECT_CONVERSION = YES_AGGRESSIVE;
				CLANG_CXX_LANGUAGE_STANDARD = "gnu++20";
				CLANG_ENABLE_MODULES = YES;
				CLANG_ENABLE_OBJC_ARC = YES;
				CLANG_ENABLE_OBJC_WEAK = YES;
				CLANG_WARN_BLOCK_CAPTURE_AUTORELEASING = YES;
				CLANG_WARN_BOOL_CONVERSION = YES;
				CLANG_WARN_COMMA = YES;
				CLANG_WARN_CONSTANT_CONVERSION = YES;
				CLANG_WARN_DEPRECATED_OBJC_IMPLEMENTATIONS = YES;
				CLANG_WARN_DIRECT_OBJC_ISA_USAGE = YES_ERROR;
				CLANG_WARN_DOCUMENTATION_COMMENTS = YES;
				CLANG_WARN_EMPTY_BODY = YES;
				CLANG_WARN_ENUM_CONVERSION = YES;
				CLANG_WARN_INFINITE_RECURSION = YES;
				CLANG_WARN_INT_CONVERSION = YES;
				CLANG_WARN_NON_LITERAL_NULL_CONVERSION = YES;
				CLANG_WARN_OBJC_IMPLICIT_RETAIN_SELF = YES;
				CLANG_WARN_OBJC_LITERAL_CONVERSION = YES;
				CLANG_WARN_OBJC_ROOT_CLASS = YES_ERROR;
				CLANG_WARN_QUOTED_INCLUDE_IN_FRAMEWORK_HEADER = YES;
				CLANG_WARN_RANGE_LOOP_ANALYSIS = YES;
				CLANG_WARN_STRICT_PROTOTYPES = YES;
				CLANG_WARN_SUSPICIOUS_MOVE = YES;
				CLANG_WARN_UNGUARDED_AVAILABILITY = YES_AGGRESSIVE;
				CLANG_WARN_UNREACHABLE_CODE = YES;
				CLANG_WARN__DUPLICATE_METHOD_MATCH = YES;
				COPY_PHASE_STRIP = NO;
				DEBUG_INFORMATION_FORMAT = dwarf;
				ENABLE_STRICT_OBJC_MSGSEND = YES;
				ENABLE_TESTABILITY = YES;
				ENABLE_USER_SCRIPT_SANDBOXING = YES;
				GCC_C_LANGUAGE_STANDARD = gnu11;
				GCC_DYNAMIC_NO_PIC = NO;
				GCC_NO_COMMON_BLOCKS = YES;
				GCC_OPTIMIZATION_LEVEL = 0;
				GCC_PREPROCESSOR_DEFINITIONS = (
					"DEBUG=1",
					"$(inherited)",
				);
				GCC_WARN_64_TO_32_BIT_CONVERSION = YES;
				GCC_WARN_ABOUT_RETURN_TYPE = YES_ERROR;
				GCC_WARN_UNDECLARED_SELECTOR = YES;
				GCC_WARN_UNINITIALIZED_AUTOS = YES_AGGRESSIVE;
				GCC_WARN_UNUSED_FUNCTION = YES;
				GCC_WARN_UNUSED_VARIABLE = YES;
				IPHONEOS_DEPLOYMENT_TARGET = 16.4;
				MTL_ENABLE_DEBUG_INFO = INCLUDE_SOURCE;
				MTL_FAST_MATH = YES;
				ONLY_ACTIVE_ARCH = YES;
				SDKROOT = iphoneos;
				SWIFT_ACTIVE_COMPILATION_CONDITIONS = DEBUG;
				SWIFT_OPTIMIZATION_LEVEL = "-Onone";
			};
			name = Debug;
		};
		1ED158BD2AD09A85005CB7D3 /* Release */ = {
			isa = XCBuildConfiguration;
			buildSettings = {
				ALWAYS_SEARCH_USER_PATHS = NO;
				CLANG_ANALYZER_NONNULL = YES;
				CLANG_ANALYZER_NUMBER_OBJECT_CONVERSION = YES_AGGRESSIVE;
				CLANG_CXX_LANGUAGE_STANDARD = "gnu++20";
				CLANG_ENABLE_MODULES = YES;
				CLANG_ENABLE_OBJC_ARC = YES;
				CLANG_ENABLE_OBJC_WEAK = YES;
				CLANG_WARN_BLOCK_CAPTURE_AUTORELEASING = YES;
				CLANG_WARN_BOOL_CONVERSION = YES;
				CLANG_WARN_COMMA = YES;
				CLANG_WARN_CONSTANT_CONVERSION = YES;
				CLANG_WARN_DEPRECATED_OBJC_IMPLEMENTATIONS = YES;
				CLANG_WARN_DIRECT_OBJC_ISA_USAGE = YES_ERROR;
				CLANG_WARN_DOCUMENTATION_COMMENTS = YES;
				CLANG_WARN_EMPTY_BODY = YES;
				CLANG_WARN_ENUM_CONVERSION = YES;
				CLANG_WARN_INFINITE_RECURSION = YES;
				CLANG_WARN_INT_CONVERSION = YES;
				CLANG_WARN_NON_LITERAL_NULL_CONVERSION = YES;
				CLANG_WARN_OBJC_IMPLICIT_RETAIN_SELF = YES;
				CLANG_WARN_OBJC_LITERAL_CONVERSION = YES;
				CLANG_WARN_OBJC_ROOT_CLASS = YES_ERROR;
				CLANG_WARN_QUOTED_INCLUDE_IN_FRAMEWORK_HEADER = YES;
				CLANG_WARN_RANGE_LOOP_ANALYSIS = YES;
				CLANG_WARN_STRICT_PROTOTYPES = YES;
				CLANG_WARN_SUSPICIOUS_MOVE = YES;
				CLANG_WARN_UNGUARDED_AVAILABILITY = YES_AGGRESSIVE;
				CLANG_WARN_UNREACHABLE_CODE = YES;
				CLANG_WARN__DUPLICATE_METHOD_MATCH = YES;
				COPY_PHASE_STRIP = NO;
				DEBUG_INFORMATION_FORMAT = "dwarf-with-dsym";
				ENABLE_NS_ASSERTIONS = NO;
				ENABLE_STRICT_OBJC_MSGSEND = YES;
				ENABLE_USER_SCRIPT_SANDBOXING = YES;
				GCC_C_LANGUAGE_STANDARD = gnu11;
				GCC_NO_COMMON_BLOCKS = YES;
				GCC_WARN_64_TO_32_BIT_CONVERSION = YES;
				GCC_WARN_ABOUT_RETURN_TYPE = YES_ERROR;
				GCC_WARN_UNDECLARED_SELECTOR = YES;
				GCC_WARN_UNINITIALIZED_AUTOS = YES_AGGRESSIVE;
				GCC_WARN_UNUSED_FUNCTION = YES;
				GCC_WARN_UNUSED_VARIABLE = YES;
				IPHONEOS_DEPLOYMENT_TARGET = 16.4;
				MTL_ENABLE_DEBUG_INFO = NO;
				MTL_FAST_MATH = YES;
				SDKROOT = iphoneos;
				SWIFT_COMPILATION_MODE = wholemodule;
				SWIFT_OPTIMIZATION_LEVEL = "-O";
				VALIDATE_PRODUCT = YES;
			};
			name = Release;
		};
		1ED158BF2AD09A85005CB7D3 /* Debug */ = {
			isa = XCBuildConfiguration;
			buildSettings = {
				ASSETCATALOG_COMPILER_APPICON_NAME = AppIcon;
				ASSETCATALOG_COMPILER_GLOBAL_ACCENT_COLOR_NAME = AccentColor;
				CODE_SIGN_STYLE = Automatic;
				CURRENT_PROJECT_VERSION = 1;
				DEVELOPMENT_ASSET_PATHS = "\"autosavedComplete/Preview Content\"";
				DEVELOPMENT_TEAM = 6H7NA9X6MX;
				ENABLE_PREVIEWS = YES;
				GENERATE_INFOPLIST_FILE = YES;
				INFOPLIST_KEY_UIApplicationSceneManifest_Generation = YES;
				INFOPLIST_KEY_UIApplicationSupportsIndirectInputEvents = YES;
				INFOPLIST_KEY_UILaunchScreen_Generation = YES;
				INFOPLIST_KEY_UISupportedInterfaceOrientations_iPad = "UIInterfaceOrientationPortrait UIInterfaceOrientationPortraitUpsideDown UIInterfaceOrientationLandscapeLeft UIInterfaceOrientationLandscapeRight";
				INFOPLIST_KEY_UISupportedInterfaceOrientations_iPhone = "UIInterfaceOrientationPortrait UIInterfaceOrientationLandscapeLeft UIInterfaceOrientationLandscapeRight";
				LD_RUNPATH_SEARCH_PATHS = (
					"$(inherited)",
					"@executable_path/Frameworks",
				);
				MARKETING_VERSION = 1.0;
				PRODUCT_BUNDLE_IDENTIFIER = com.asia.serrano.apps.autosavedComplete;
				PRODUCT_NAME = "$(TARGET_NAME)";
				SWIFT_EMIT_LOC_STRINGS = YES;
				SWIFT_VERSION = 5.0;
				TARGETED_DEVICE_FAMILY = "1,2";
			};
			name = Debug;
		};
		1ED158C02AD09A85005CB7D3 /* Release */ = {
			isa = XCBuildConfiguration;
			buildSettings = {
				ASSETCATALOG_COMPILER_APPICON_NAME = AppIcon;
				ASSETCATALOG_COMPILER_GLOBAL_ACCENT_COLOR_NAME = AccentColor;
				CODE_SIGN_STYLE = Automatic;
				CURRENT_PROJECT_VERSION = 1;
				DEVELOPMENT_ASSET_PATHS = "\"autosavedComplete/Preview Content\"";
				DEVELOPMENT_TEAM = 6H7NA9X6MX;
				ENABLE_PREVIEWS = YES;
				GENERATE_INFOPLIST_FILE = YES;
				INFOPLIST_KEY_UIApplicationSceneManifest_Generation = YES;
				INFOPLIST_KEY_UIApplicationSupportsIndirectInputEvents = YES;
				INFOPLIST_KEY_UILaunchScreen_Generation = YES;
				INFOPLIST_KEY_UISupportedInterfaceOrientations_iPad = "UIInterfaceOrientationPortrait UIInterfaceOrientationPortraitUpsideDown UIInterfaceOrientationLandscapeLeft UIInterfaceOrientationLandscapeRight";
				INFOPLIST_KEY_UISupportedInterfaceOrientations_iPhone = "UIInterfaceOrientationPortrait UIInterfaceOrientationLandscapeLeft UIInterfaceOrientationLandscapeRight";
				LD_RUNPATH_SEARCH_PATHS = (
					"$(inherited)",
					"@executable_path/Frameworks",
				);
				MARKETING_VERSION = 1.0;
				PRODUCT_BUNDLE_IDENTIFIER = com.asia.serrano.apps.autosavedComplete;
				PRODUCT_NAME = "$(TARGET_NAME)";
				SWIFT_EMIT_LOC_STRINGS = YES;
				SWIFT_VERSION = 5.0;
				TARGETED_DEVICE_FAMILY = "1,2";
			};
			name = Release;
		};
/* End XCBuildConfiguration section */

/* Begin XCConfigurationList section */
		1ED158A62AD09A83005CB7D3 /* Build configuration list for PBXProject "autosavedComplete" */ = {
			isa = XCConfigurationList;
			buildConfigurations = (
				1ED158BC2AD09A85005CB7D3 /* Debug */,
				1ED158BD2AD09A85005CB7D3 /* Release */,
			);
			defaultConfigurationIsVisible = 0;
			defaultConfigurationName = Release;
		};
		1ED158BE2AD09A85005CB7D3 /* Build configuration list for PBXNativeTarget "autosavedComplete" */ = {
			isa = XCConfigurationList;
			buildConfigurations = (
				1ED158BF2AD09A85005CB7D3 /* Debug */,
				1ED158C02AD09A85005CB7D3 /* Release */,
			);
			defaultConfigurationIsVisible = 0;
			defaultConfigurationName = Release;
		};
/* End XCConfigurationList section */

/* Begin XCVersionGroup section */
		1ED158E22AD0C068005CB7D3 /* autosavedComplete.xcdatamodeld */ = {
			isa = XCVersionGroup;
			children = (
				1ED158E32AD0C068005CB7D3 /* autosavedComplete.xcdatamodel */,
			);
			currentVersion = 1ED158E32AD0C068005CB7D3 /* autosavedComplete.xcdatamodel */;
			path = autosavedComplete.xcdatamodeld;
			sourceTree = "<group>";
			versionGroupType = wrapper.xcdatamodel;
		};
/* End XCVersionGroup section */
	};
	rootObject = 1ED158A32AD09A83005CB7D3 /* Project object */;
}
